schema: '2.0'
stages:
  prepare:
    cmd: python scripts/prepare_data.py
    outs:
    - path: data/raw
      hash: md5
      md5: 5e991174bcfd46383330bcfde2c6a27a.dir
      size: 44
      nfiles: 1
  generate_synthetic_coco:
    cmd: python scripts/generate_synthetic_dataset_coco.py --out 
      data/raw/generated_coco --seed 42
    deps:
    - path: params.yaml
      hash: md5
      md5: 39097cb4cb7f5f5acb1c8b60ff576b6f
      size: 247
    - path: scripts/generate_synthetic_dataset_coco.py
      hash: md5
      md5: 95135eb823e6ea5d8f83cec279758f44
      size: 9809
    outs:
    - path: data/raw/generated_coco
      hash: md5
      md5: bb3ffa649f018214be820e136b8860b3.dir
      size: 1226378
      nfiles: 403
