schema: '2.0'
stages:
  prepare:
    cmd: python scripts/prepare_data.py
    outs:
    - path: data/raw
      hash: md5
      md5: 5e991174bcfd46383330bcfde2c6a27a.dir
      size: 44
      nfiles: 1
  generate_synthetic_coco:
    cmd: python scripts/generate_synthetic_dataset_coco.py --out_dir data/raw/generated_coco
      --num 200 --seed 42
    deps:
    - path: params.yaml
      hash: md5
      md5: 99b98b5801f5009d0c74e29b431f9312
      size: 315
    - path: scripts/generate_synthetic_dataset_coco.py
      hash: md5
      md5: 93861076f4798bd893e55dd811fc6b82
      size: 9548
    outs:
    - path: data/raw/generated_coco
      hash: md5
      md5: 3e6f0e07ff859e4de7648c5fc53b54fa.dir
      size: 1237030
      nfiles: 403
  acquire_coco:
    cmd: python scripts/acquire_coco.py --out data/raw/coco
    deps:
    - path: scripts/acquire_coco.py
      hash: md5
      md5: abc1b9ad02b4d8d26b158043d328e48c
      size: 998
    outs:
    - path: data/raw/coco
      hash: md5
      md5: d751713988987e9331980363e24189ce.dir
      size: 0
      nfiles: 0
